
Microsoft Visual Studio Solution File, Format Version 12.00
# Visual Studio Version 17
VisualStudioVersion = 17.7.34009.444
MinimumVisualStudioVersion = 10.0.40219.1
Project("{2150E333-8FDC-42A3-9474-1A3956D46DE8}") = "Services", "Services", "{7A000605-184F-42B1-94D4-4B1016F393A7}"
EndProject
Project("{9A19103F-16F7-4668-BE54-9A1E7A4F7556}") = "Catalog.API", "Services\Catalog\Catalog.API\Catalog.API.csproj", "{0FECC8A2-EB7E-47A1-BB0C-186C94C01F45}"
EndProject
Project("{E53339B2-1760-4266-BCC7-CA923CBCF16C}") = "docker-compose", "docker-compose.dcproj", "{F6F936C7-A09F-4F4C-935E-2DDE01B51252}"
EndProject
Project("{2150E333-8FDC-42A3-9474-1A3956D46DE8}") = "Basket", "Basket", "{3D73080B-9C4E-4BF3-8DF8-C9E21F0565AA}"
EndProject
Project("{FAE04EC0-301F-11D3-BF4B-00C04F79EFBC}") = "Basket.API", "Services\Basket\Basket.API\Basket.API.csproj", "{749BC330-3BDD-4CE4-A0FF-16505D52B156}"
EndProject
Project("{2150E333-8FDC-42A3-9474-1A3956D46DE8}") = "Catalog", "Catalog", "{3B44D1AD-2AB2-4DEA-BE10-A468CD2E836D}"
EndProject
Global
	GlobalSection(SolutionConfigurationPlatforms) = preSolution
		Debug|Any CPU = Debug|Any CPU
		Release|Any CPU = Release|Any CPU
	EndGlobalSection
	GlobalSection(ProjectConfigurationPlatforms) = postSolution
		{0FECC8A2-EB7E-47A1-BB0C-186C94C01F45}.Debug|Any CPU.ActiveCfg = Debug|Any CPU
		{0FECC8A2-EB7E-47A1-BB0C-186C94C01F45}.Debug|Any CPU.Build.0 = Debug|Any CPU
		{0FECC8A2-EB7E-47A1-BB0C-186C94C01F45}.Release|Any CPU.ActiveCfg = Release|Any CPU
		{0FECC8A2-EB7E-47A1-BB0C-186C94C01F45}.Release|Any CPU.Build.0 = Release|Any CPU
		{F6F936C7-A09F-4F4C-935E-2DDE01B51252}.Debug|Any CPU.ActiveCfg = Debug|Any CPU
		{F6F936C7-A09F-4F4C-935E-2DDE01B51252}.Debug|Any CPU.Build.0 = Debug|Any CPU
		{F6F936C7-A09F-4F4C-935E-2DDE01B51252}.Release|Any CPU.ActiveCfg = Release|Any CPU
		{F6F936C7-A09F-4F4C-935E-2DDE01B51252}.Release|Any CPU.Build.0 = Release|Any CPU
		{749BC330-3BDD-4CE4-A0FF-16505D52B156}.Debug|Any CPU.ActiveCfg = Debug|Any CPU
		{749BC330-3BDD-4CE4-A0FF-16505D52B156}.Debug|Any CPU.Build.0 = Debug|Any CPU
		{749BC330-3BDD-4CE4-A0FF-16505D52B156}.Release|Any CPU.ActiveCfg = Release|Any CPU
		{749BC330-3BDD-4CE4-A0FF-16505D52B156}.Release|Any CPU.Build.0 = Release|Any CPU
	EndGlobalSection
	GlobalSection(SolutionProperties) = preSolution
		HideSolutionNode = FALSE
	EndGlobalSection
	GlobalSection(NestedProjects) = preSolution
		{0FECC8A2-EB7E-47A1-BB0C-186C94C01F45} = {3B44D1AD-2AB2-4DEA-BE10-A468CD2E836D}
		{3D73080B-9C4E-4BF3-8DF8-C9E21F0565AA} = {7A000605-184F-42B1-94D4-4B1016F393A7}
		{749BC330-3BDD-4CE4-A0FF-16505D52B156} = {3D73080B-9C4E-4BF3-8DF8-C9E21F0565AA}
		{3B44D1AD-2AB2-4DEA-BE10-A468CD2E836D} = {7A000605-184F-42B1-94D4-4B1016F393A7}
	EndGlobalSection
	GlobalSection(ExtensibilityGlobals) = postSolution
		SolutionGuid = {01CF8D11-96D8-4754-9881-D4F3EE82F5BB}
	EndGlobalSection
EndGlobal
